
Microsoft Visual Studio Solution File, Format Version 12.00
# Visual Studio Version 16
VisualStudioVersion = 16.0.31911.196
MinimumVisualStudioVersion = 10.0.40219.1
Project("{9A19103F-16F7-4668-BE54-9A1E7A4F7556}") = "DBCodeGenerator", "DBCodeGenerator.csproj", "{CFF25C48-97D0-4D39-A0B8-363115F25EF3}"
EndProject
Project("{FAE04EC0-301F-11D3-BF4B-00C04F79EFBC}") = "CodeGenerator", "..\CodeGenerator\CodeGenerator.csproj", "{F80B5E2D-0419-4498-ACB4-3F9080D669AB}"
EndProject
Global
	GlobalSection(SolutionConfigurationPlatforms) = preSolution
		Debug|Any CPU = Debug|Any CPU
		Release|Any CPU = Release|Any CPU
	EndGlobalSection
	GlobalSection(ProjectConfigurationPlatforms) = postSolution
		{CFF25C48-97D0-4D39-A0B8-363115F25EF3}.Debug|Any CPU.ActiveCfg = Debug|Any CPU
		{CFF25C48-97D0-4D39-A0B8-363115F25EF3}.Debug|Any CPU.Build.0 = Debug|Any CPU
		{CFF25C48-97D0-4D39-A0B8-363115F25EF3}.Release|Any CPU.ActiveCfg = Release|Any CPU
		{CFF25C48-97D0-4D39-A0B8-363115F25EF3}.Release|Any CPU.Build.0 = Release|Any CPU
		{F80B5E2D-0419-4498-ACB4-3F9080D669AB}.Debug|Any CPU.ActiveCfg = Debug|Any CPU
		{F80B5E2D-0419-4498-ACB4-3F9080D669AB}.Debug|Any CPU.Build.0 = Debug|Any CPU
		{F80B5E2D-0419-4498-ACB4-3F9080D669AB}.Release|Any CPU.ActiveCfg = Release|Any CPU
		{F80B5E2D-0419-4498-ACB4-3F9080D669AB}.Release|Any CPU.Build.0 = Release|Any CPU
	EndGlobalSection
	GlobalSection(SolutionProperties) = preSolution
		HideSolutionNode = FALSE
	EndGlobalSection
	GlobalSection(ExtensibilityGlobals) = postSolution
		SolutionGuid = {46EED759-BF0E-4F56-9D1C-B7BE37F083EC}
	EndGlobalSection
EndGlobal
